
Microsoft Visual Studio Solution File, Format Version 12.00
# Visual Studio Version 17
VisualStudioVersion = 17.0.31903.59
MinimumVisualStudioVersion = 10.0.40219.1
Project("{2150E333-8FDC-42A3-9474-1A3956D46DE8}") = "src", "src", "{B0870A3E-8175-42F0-BB0B-2887B46CA4BE}"
EndProject
Project("{FAE04EC0-301F-11D3-BF4B-00C04F79EFBC}") = "Identity.Api", "src\Identity.Api\Identity.Api.csproj", "{B500847C-F13F-49F2-83A4-FD79E1CDB4CB}"
EndProject
Project("{FAE04EC0-301F-11D3-BF4B-00C04F79EFBC}") = "Identity.Services", "src\Identity.Services\Identity.Services.csproj", "{2BCBAEC3-D624-404B-862A-9DEA1673CB8A}"
EndProject
Project("{FAE04EC0-301F-11D3-BF4B-00C04F79EFBC}") = "IdentityServer", "src\IdentityServer\IdentityServer.csproj", "{38D06D51-44F4-4224-B819-BAD788CEF90B}"
EndProject
Project("{FAE04EC0-301F-11D3-BF4B-00C04F79EFBC}") = "Identity.Client", "src\Identity.Client\Identity.Client.csproj", "{4CD8FA9F-2F98-4873-860F-C02B707D3465}"
EndProject
Global
	GlobalSection(SolutionConfigurationPlatforms) = preSolution
		Debug|Any CPU = Debug|Any CPU
		Release|Any CPU = Release|Any CPU
	EndGlobalSection
	GlobalSection(SolutionProperties) = preSolution
		HideSolutionNode = FALSE
	EndGlobalSection
	GlobalSection(ProjectConfigurationPlatforms) = postSolution
		{B500847C-F13F-49F2-83A4-FD79E1CDB4CB}.Debug|Any CPU.ActiveCfg = Debug|Any CPU
		{B500847C-F13F-49F2-83A4-FD79E1CDB4CB}.Debug|Any CPU.Build.0 = Debug|Any CPU
		{B500847C-F13F-49F2-83A4-FD79E1CDB4CB}.Release|Any CPU.ActiveCfg = Release|Any CPU
		{B500847C-F13F-49F2-83A4-FD79E1CDB4CB}.Release|Any CPU.Build.0 = Release|Any CPU
		{2BCBAEC3-D624-404B-862A-9DEA1673CB8A}.Debug|Any CPU.ActiveCfg = Debug|Any CPU
		{2BCBAEC3-D624-404B-862A-9DEA1673CB8A}.Debug|Any CPU.Build.0 = Debug|Any CPU
		{2BCBAEC3-D624-404B-862A-9DEA1673CB8A}.Release|Any CPU.ActiveCfg = Release|Any CPU
		{2BCBAEC3-D624-404B-862A-9DEA1673CB8A}.Release|Any CPU.Build.0 = Release|Any CPU
		{38D06D51-44F4-4224-B819-BAD788CEF90B}.Debug|Any CPU.ActiveCfg = Debug|Any CPU
		{38D06D51-44F4-4224-B819-BAD788CEF90B}.Debug|Any CPU.Build.0 = Debug|Any CPU
		{38D06D51-44F4-4224-B819-BAD788CEF90B}.Release|Any CPU.ActiveCfg = Release|Any CPU
		{38D06D51-44F4-4224-B819-BAD788CEF90B}.Release|Any CPU.Build.0 = Release|Any CPU
		{4CD8FA9F-2F98-4873-860F-C02B707D3465}.Debug|Any CPU.ActiveCfg = Debug|Any CPU
		{4CD8FA9F-2F98-4873-860F-C02B707D3465}.Debug|Any CPU.Build.0 = Debug|Any CPU
		{4CD8FA9F-2F98-4873-860F-C02B707D3465}.Release|Any CPU.ActiveCfg = Release|Any CPU
		{4CD8FA9F-2F98-4873-860F-C02B707D3465}.Release|Any CPU.Build.0 = Release|Any CPU
	EndGlobalSection
	GlobalSection(NestedProjects) = preSolution
		{B500847C-F13F-49F2-83A4-FD79E1CDB4CB} = {B0870A3E-8175-42F0-BB0B-2887B46CA4BE}
		{2BCBAEC3-D624-404B-862A-9DEA1673CB8A} = {B0870A3E-8175-42F0-BB0B-2887B46CA4BE}
		{38D06D51-44F4-4224-B819-BAD788CEF90B} = {B0870A3E-8175-42F0-BB0B-2887B46CA4BE}
		{4CD8FA9F-2F98-4873-860F-C02B707D3465} = {B0870A3E-8175-42F0-BB0B-2887B46CA4BE}
	EndGlobalSection
EndGlobal
